
Microsoft Visual Studio Solution File, Format Version 12.00
# Visual Studio 15
VisualStudioVersion = 15.0.27004.2005
MinimumVisualStudioVersion = 10.0.40219.1
Project("{FAE04EC0-301F-11D3-BF4B-00C04F79EFBC}") = "VCoin", "VCoin\VCoin\VCoin.csproj", "{5967566A-C877-4FA8-AF15-238344E9A57E}"
EndProject
Project("{FAE04EC0-301F-11D3-BF4B-00C04F79EFBC}") = "VCoin.iOS", "VCoin\VCoin.iOS\VCoin.iOS.csproj", "{96513CC6-156D-4A92-9489-8C91CAFE9CCA}"
EndProject
Project("{FAE04EC0-301F-11D3-BF4B-00C04F79EFBC}") = "VCoin.UWP", "VCoin\VCoin.UWP\VCoin.UWP.csproj", "{318A662E-B057-48FA-A98B-D0D58C0A724F}"
EndProject
Project("{FAE04EC0-301F-11D3-BF4B-00C04F79EFBC}") = "VCoin.Droid", "VCoin\VCoin.Droid\VCoin.Droid.csproj", "{F4B63A3B-487F-46AA-ABAD-3171582354D7}"
EndProject
Global
	GlobalSection(SolutionConfigurationPlatforms) = preSolution
		Debug|Any CPU = Debug|Any CPU
		Debug|ARM = Debug|ARM
		Debug|iPhone = Debug|iPhone
		Debug|iPhoneSimulator = Debug|iPhoneSimulator
		Debug|x64 = Debug|x64
		Debug|x86 = Debug|x86
		Release|Any CPU = Release|Any CPU
		Release|ARM = Release|ARM
		Release|iPhone = Release|iPhone
		Release|iPhoneSimulator = Release|iPhoneSimulator
		Release|x64 = Release|x64
		Release|x86 = Release|x86
	EndGlobalSection
	GlobalSection(ProjectConfigurationPlatforms) = postSolution
		{5967566A-C877-4FA8-AF15-238344E9A57E}.Debug|Any CPU.ActiveCfg = Debug|Any CPU
		{5967566A-C877-4FA8-AF15-238344E9A57E}.Debug|Any CPU.Build.0 = Debug|Any CPU
		{5967566A-C877-4FA8-AF15-238344E9A57E}.Debug|ARM.ActiveCfg = Debug|Any CPU
		{5967566A-C877-4FA8-AF15-238344E9A57E}.Debug|ARM.Build.0 = Debug|Any CPU
		{5967566A-C877-4FA8-AF15-238344E9A57E}.Debug|iPhone.ActiveCfg = Debug|Any CPU
		{5967566A-C877-4FA8-AF15-238344E9A57E}.Debug|iPhone.Build.0 = Debug|Any CPU
		{5967566A-C877-4FA8-AF15-238344E9A57E}.Debug|iPhoneSimulator.ActiveCfg = Debug|Any CPU
		{5967566A-C877-4FA8-AF15-238344E9A57E}.Debug|iPhoneSimulator.Build.0 = Debug|Any CPU
		{5967566A-C877-4FA8-AF15-238344E9A57E}.Debug|x64.ActiveCfg = Debug|Any CPU
		{5967566A-C877-4FA8-AF15-238344E9A57E}.Debug|x64.Build.0 = Debug|Any CPU
		{5967566A-C877-4FA8-AF15-238344E9A57E}.Debug|x86.ActiveCfg = Debug|Any CPU
		{5967566A-C877-4FA8-AF15-238344E9A57E}.Debug|x86.Build.0 = Debug|Any CPU
		{5967566A-C877-4FA8-AF15-238344E9A57E}.Release|Any CPU.ActiveCfg = Release|Any CPU
		{5967566A-C877-4FA8-AF15-238344E9A57E}.Release|Any CPU.Build.0 = Release|Any CPU
		{5967566A-C877-4FA8-AF15-238344E9A57E}.Release|ARM.ActiveCfg = Release|Any CPU
		{5967566A-C877-4FA8-AF15-238344E9A57E}.Release|ARM.Build.0 = Release|Any CPU
		{5967566A-C877-4FA8-AF15-238344E9A57E}.Release|iPhone.ActiveCfg = Release|Any CPU
		{5967566A-C877-4FA8-AF15-238344E9A57E}.Release|iPhone.Build.0 = Release|Any CPU
		{5967566A-C877-4FA8-AF15-238344E9A57E}.Release|iPhoneSimulator.ActiveCfg = Release|Any CPU
		{5967566A-C877-4FA8-AF15-238344E9A57E}.Release|iPhoneSimulator.Build.0 = Release|Any CPU
		{5967566A-C877-4FA8-AF15-238344E9A57E}.Release|x64.ActiveCfg = Release|Any CPU
		{5967566A-C877-4FA8-AF15-238344E9A57E}.Release|x64.Build.0 = Release|Any CPU
		{5967566A-C877-4FA8-AF15-238344E9A57E}.Release|x86.ActiveCfg = Release|Any CPU
		{5967566A-C877-4FA8-AF15-238344E9A57E}.Release|x86.Build.0 = Release|Any CPU
		{96513CC6-156D-4A92-9489-8C91CAFE9CCA}.Debug|Any CPU.ActiveCfg = Debug|Any CPU
		{96513CC6-156D-4A92-9489-8C91CAFE9CCA}.Debug|Any CPU.Build.0 = Debug|Any CPU
		{96513CC6-156D-4A92-9489-8C91CAFE9CCA}.Debug|ARM.ActiveCfg = Debug|Any CPU
		{96513CC6-156D-4A92-9489-8C91CAFE9CCA}.Debug|ARM.Build.0 = Debug|Any CPU
		{96513CC6-156D-4A92-9489-8C91CAFE9CCA}.Debug|iPhone.ActiveCfg = Debug|iPhone
		{96513CC6-156D-4A92-9489-8C91CAFE9CCA}.Debug|iPhone.Build.0 = Debug|iPhone
		{96513CC6-156D-4A92-9489-8C91CAFE9CCA}.Debug|iPhoneSimulator.ActiveCfg = Debug|iPhoneSimulator
		{96513CC6-156D-4A92-9489-8C91CAFE9CCA}.Debug|iPhoneSimulator.Build.0 = Debug|iPhoneSimulator
		{96513CC6-156D-4A92-9489-8C91CAFE9CCA}.Debug|x64.ActiveCfg = Debug|Any CPU
		{96513CC6-156D-4A92-9489-8C91CAFE9CCA}.Debug|x64.Build.0 = Debug|Any CPU
		{96513CC6-156D-4A92-9489-8C91CAFE9CCA}.Debug|x86.ActiveCfg = Debug|Any CPU
		{96513CC6-156D-4A92-9489-8C91CAFE9CCA}.Debug|x86.Build.0 = Debug|Any CPU
		{96513CC6-156D-4A92-9489-8C91CAFE9CCA}.Release|Any CPU.ActiveCfg = Release|Any CPU
		{96513CC6-156D-4A92-9489-8C91CAFE9CCA}.Release|Any CPU.Build.0 = Release|Any CPU
		{96513CC6-156D-4A92-9489-8C91CAFE9CCA}.Release|ARM.ActiveCfg = Release|Any CPU
		{96513CC6-156D-4A92-9489-8C91CAFE9CCA}.Release|ARM.Build.0 = Release|Any CPU
		{96513CC6-156D-4A92-9489-8C91CAFE9CCA}.Release|iPhone.ActiveCfg = Release|iPhone
		{96513CC6-156D-4A92-9489-8C91CAFE9CCA}.Release|iPhone.Build.0 = Release|iPhone
		{96513CC6-156D-4A92-9489-8C91CAFE9CCA}.Release|iPhoneSimulator.ActiveCfg = Release|iPhoneSimulator
		{96513CC6-156D-4A92-9489-8C91CAFE9CCA}.Release|iPhoneSimulator.Build.0 = Release|iPhoneSimulator
		{96513CC6-156D-4A92-9489-8C91CAFE9CCA}.Release|x64.ActiveCfg = Release|Any CPU
		{96513CC6-156D-4A92-9489-8C91CAFE9CCA}.Release|x64.Build.0 = Release|Any CPU
		{96513CC6-156D-4A92-9489-8C91CAFE9CCA}.Release|x86.ActiveCfg = Release|Any CPU
		{96513CC6-156D-4A92-9489-8C91CAFE9CCA}.Release|x86.Build.0 = Release|Any CPU
		{318A662E-B057-48FA-A98B-D0D58C0A724F}.Debug|Any CPU.ActiveCfg = Debug|x86
		{318A662E-B057-48FA-A98B-D0D58C0A724F}.Debug|ARM.ActiveCfg = Debug|ARM
		{318A662E-B057-48FA-A98B-D0D58C0A724F}.Debug|ARM.Build.0 = Debug|ARM
		{318A662E-B057-48FA-A98B-D0D58C0A724F}.Debug|ARM.Deploy.0 = Debug|ARM
		{318A662E-B057-48FA-A98B-D0D58C0A724F}.Debug|iPhone.ActiveCfg = Debug|x86
		{318A662E-B057-48FA-A98B-D0D58C0A724F}.Debug|iPhoneSimulator.ActiveCfg = Debug|x86
		{318A662E-B057-48FA-A98B-D0D58C0A724F}.Debug|x64.ActiveCfg = Debug|x64
		{318A662E-B057-48FA-A98B-D0D58C0A724F}.Debug|x64.Build.0 = Debug|x64
		{318A662E-B057-48FA-A98B-D0D58C0A724F}.Debug|x64.Deploy.0 = Debug|x64
		{318A662E-B057-48FA-A98B-D0D58C0A724F}.Debug|x86.ActiveCfg = Debug|x86
		{318A662E-B057-48FA-A98B-D0D58C0A724F}.Debug|x86.Build.0 = Debug|x86
		{318A662E-B057-48FA-A98B-D0D58C0A724F}.Debug|x86.Deploy.0 = Debug|x86
		{318A662E-B057-48FA-A98B-D0D58C0A724F}.Release|Any CPU.ActiveCfg = Release|x86
		{318A662E-B057-48FA-A98B-D0D58C0A724F}.Release|ARM.ActiveCfg = Release|ARM
		{318A662E-B057-48FA-A98B-D0D58C0A724F}.Release|ARM.Build.0 = Release|ARM
		{318A662E-B057-48FA-A98B-D0D58C0A724F}.Release|ARM.Deploy.0 = Release|ARM
		{318A662E-B057-48FA-A98B-D0D58C0A724F}.Release|iPhone.ActiveCfg = Release|x86
		{318A662E-B057-48FA-A98B-D0D58C0A724F}.Release|iPhoneSimulator.ActiveCfg = Release|x86
		{318A662E-B057-48FA-A98B-D0D58C0A724F}.Release|x64.ActiveCfg = Release|x64
		{318A662E-B057-48FA-A98B-D0D58C0A724F}.Release|x64.Build.0 = Release|x64
		{318A662E-B057-48FA-A98B-D0D58C0A724F}.Release|x64.Deploy.0 = Release|x64
		{318A662E-B057-48FA-A98B-D0D58C0A724F}.Release|x86.ActiveCfg = Release|x86
		{318A662E-B057-48FA-A98B-D0D58C0A724F}.Release|x86.Build.0 = Release|x86
		{318A662E-B057-48FA-A98B-D0D58C0A724F}.Release|x86.Deploy.0 = Release|x86
		{F4B63A3B-487F-46AA-ABAD-3171582354D7}.Debug|Any CPU.ActiveCfg = Debug|Any CPU
		{F4B63A3B-487F-46AA-ABAD-3171582354D7}.Debug|Any CPU.Build.0 = Debug|Any CPU
		{F4B63A3B-487F-46AA-ABAD-3171582354D7}.Debug|Any CPU.Deploy.0 = Debug|Any CPU
		{F4B63A3B-487F-46AA-ABAD-3171582354D7}.Debug|ARM.ActiveCfg = Debug|Any CPU
		{F4B63A3B-487F-46AA-ABAD-3171582354D7}.Debug|ARM.Build.0 = Debug|Any CPU
		{F4B63A3B-487F-46AA-ABAD-3171582354D7}.Debug|ARM.Deploy.0 = Debug|Any CPU
		{F4B63A3B-487F-46AA-ABAD-3171582354D7}.Debug|iPhone.ActiveCfg = Debug|Any CPU
		{F4B63A3B-487F-46AA-ABAD-3171582354D7}.Debug|iPhone.Build.0 = Debug|Any CPU
		{F4B63A3B-487F-46AA-ABAD-3171582354D7}.Debug|iPhone.Deploy.0 = Debug|Any CPU
		{F4B63A3B-487F-46AA-ABAD-3171582354D7}.Debug|iPhoneSimulator.ActiveCfg = Debug|Any CPU
		{F4B63A3B-487F-46AA-ABAD-3171582354D7}.Debug|iPhoneSimulator.Build.0 = Debug|Any CPU
		{F4B63A3B-487F-46AA-ABAD-3171582354D7}.Debug|iPhoneSimulator.Deploy.0 = Debug|Any CPU
		{F4B63A3B-487F-46AA-ABAD-3171582354D7}.Debug|x64.ActiveCfg = Debug|Any CPU
		{F4B63A3B-487F-46AA-ABAD-3171582354D7}.Debug|x64.Build.0 = Debug|Any CPU
		{F4B63A3B-487F-46AA-ABAD-3171582354D7}.Debug|x64.Deploy.0 = Debug|Any CPU
		{F4B63A3B-487F-46AA-ABAD-3171582354D7}.Debug|x86.ActiveCfg = Debug|Any CPU
		{F4B63A3B-487F-46AA-ABAD-3171582354D7}.Debug|x86.Build.0 = Debug|Any CPU
		{F4B63A3B-487F-46AA-ABAD-3171582354D7}.Debug|x86.Deploy.0 = Debug|Any CPU
		{F4B63A3B-487F-46AA-ABAD-3171582354D7}.Release|Any CPU.ActiveCfg = Release|Any CPU
		{F4B63A3B-487F-46AA-ABAD-3171582354D7}.Release|Any CPU.Build.0 = Release|Any CPU
		{F4B63A3B-487F-46AA-ABAD-3171582354D7}.Release|Any CPU.Deploy.0 = Release|Any CPU
		{F4B63A3B-487F-46AA-ABAD-3171582354D7}.Release|ARM.ActiveCfg = Release|Any CPU
		{F4B63A3B-487F-46AA-ABAD-3171582354D7}.Release|ARM.Build.0 = Release|Any CPU
		{F4B63A3B-487F-46AA-ABAD-3171582354D7}.Release|ARM.Deploy.0 = Release|Any CPU
		{F4B63A3B-487F-46AA-ABAD-3171582354D7}.Release|iPhone.ActiveCfg = Release|Any CPU
		{F4B63A3B-487F-46AA-ABAD-3171582354D7}.Release|iPhone.Build.0 = Release|Any CPU
		{F4B63A3B-487F-46AA-ABAD-3171582354D7}.Release|iPhone.Deploy.0 = Release|Any CPU
		{F4B63A3B-487F-46AA-ABAD-3171582354D7}.Release|iPhoneSimulator.ActiveCfg = Release|Any CPU
		{F4B63A3B-487F-46AA-ABAD-3171582354D7}.Release|iPhoneSimulator.Build.0 = Release|Any CPU
		{F4B63A3B-487F-46AA-ABAD-3171582354D7}.Release|iPhoneSimulator.Deploy.0 = Release|Any CPU
		{F4B63A3B-487F-46AA-ABAD-3171582354D7}.Release|x64.ActiveCfg = Release|Any CPU
		{F4B63A3B-487F-46AA-ABAD-3171582354D7}.Release|x64.Build.0 = Release|Any CPU
		{F4B63A3B-487F-46AA-ABAD-3171582354D7}.Release|x64.Deploy.0 = Release|Any CPU
		{F4B63A3B-487F-46AA-ABAD-3171582354D7}.Release|x86.ActiveCfg = Release|Any CPU
		{F4B63A3B-487F-46AA-ABAD-3171582354D7}.Release|x86.Build.0 = Release|Any CPU
		{F4B63A3B-487F-46AA-ABAD-3171582354D7}.Release|x86.Deploy.0 = Release|Any CPU
	EndGlobalSection
	GlobalSection(SolutionProperties) = preSolution
		HideSolutionNode = FALSE
	EndGlobalSection
	GlobalSection(ExtensibilityGlobals) = postSolution
		SolutionGuid = {1C6AA5AE-6AF8-4415-8079-2D16CF9CF811}
	EndGlobalSection
EndGlobal
